// !$*UTF8*$!
{
	archiveVersion = 1;
	classes = {
	};
	objectVersion = 46;
	objects = {

/* Begin PBXBuildFile section */
		6935F2091DA14CDC00C20143 /* Main.storyboard in Resources */ = {isa = PBXBuildFile; fileRef = 6935F2081DA14CDC00C20143 /* Main.storyboard */; };
		69BF04BA1D9C6C5100CD2B6E /* SubredditTableViewController.swift in Sources */ = {isa = PBXBuildFile; fileRef = 69BF04B91D9C6C5100CD2B6E /* SubredditTableViewController.swift */; };
		69C5D89C1DA5E1D0005E26E3 /* WebViewController.swift in Sources */ = {isa = PBXBuildFile; fileRef = 69C5D89B1DA5E1D0005E26E3 /* WebViewController.swift */; };
		69D2BFD11DAFDDC100226A34 /* SWRevealViewController.m in Sources */ = {isa = PBXBuildFile; fileRef = 69D2BFD01DAFDDC100226A34 /* SWRevealViewController.m */; };
		69E00B2A1D90AD78006185D3 /* AppDelegate.swift in Sources */ = {isa = PBXBuildFile; fileRef = 69E00B291D90AD78006185D3 /* AppDelegate.swift */; };
		69E00B2C1D90AD78006185D3 /* ViewController.swift in Sources */ = {isa = PBXBuildFile; fileRef = 69E00B2B1D90AD78006185D3 /* ViewController.swift */; };
		69E00B311D90AD78006185D3 /* Assets.xcassets in Resources */ = {isa = PBXBuildFile; fileRef = 69E00B301D90AD78006185D3 /* Assets.xcassets */; };
		69E00B341D90AD78006185D3 /* LaunchScreen.storyboard in Resources */ = {isa = PBXBuildFile; fileRef = 69E00B321D90AD78006185D3 /* LaunchScreen.storyboard */; };
		69E00B421D90B4BD006185D3 /* SwiftyJson.swift in Sources */ = {isa = PBXBuildFile; fileRef = 69E00B411D90B4BD006185D3 /* SwiftyJson.swift */; };
		69E00B441D91EAEF006185D3 /* CustomTableViewCell.swift in Sources */ = {isa = PBXBuildFile; fileRef = 69E00B431D91EAEE006185D3 /* CustomTableViewCell.swift */; };
		69E00B481D932E81006185D3 /* SIMPLIFICA Typeface.ttf in Resources */ = {isa = PBXBuildFile; fileRef = 69E00B471D932E80006185D3 /* SIMPLIFICA Typeface.ttf */; };
/* End PBXBuildFile section */

/* Begin PBXFileReference section */
		6935F2081DA14CDC00C20143 /* Main.storyboard */ = {isa = PBXFileReference; fileEncoding = 4; lastKnownFileType = file.storyboard; path = Main.storyboard; sourceTree = "<group>"; };
		69BF04B91D9C6C5100CD2B6E /* SubredditTableViewController.swift */ = {isa = PBXFileReference; fileEncoding = 4; lastKnownFileType = sourcecode.swift; path = SubredditTableViewController.swift; sourceTree = "<group>"; };
		69C5D89B1DA5E1D0005E26E3 /* WebViewController.swift */ = {isa = PBXFileReference; fileEncoding = 4; lastKnownFileType = sourcecode.swift; path = WebViewController.swift; sourceTree = "<group>"; };
		69D2BFCE1DAFDDC000226A34 /* redditViewer-Bridging-Header.h */ = {isa = PBXFileReference; lastKnownFileType = sourcecode.c.h; path = "redditViewer-Bridging-Header.h"; sourceTree = "<group>"; };
		69D2BFCF1DAFDDC100226A34 /* SWRevealViewController.h */ = {isa = PBXFileReference; fileEncoding = 4; lastKnownFileType = sourcecode.c.h; path = SWRevealViewController.h; sourceTree = "<group>"; };
		69D2BFD01DAFDDC100226A34 /* SWRevealViewController.m */ = {isa = PBXFileReference; fileEncoding = 4; lastKnownFileType = sourcecode.c.objc; path = SWRevealViewController.m; sourceTree = "<group>"; };
		69E00B261D90AD78006185D3 /* redditViewer.app */ = {isa = PBXFileReference; explicitFileType = wrapper.application; includeInIndex = 0; path = redditViewer.app; sourceTree = BUILT_PRODUCTS_DIR; };
		69E00B291D90AD78006185D3 /* AppDelegate.swift */ = {isa = PBXFileReference; lastKnownFileType = sourcecode.swift; path = AppDelegate.swift; sourceTree = "<group>"; };
		69E00B2B1D90AD78006185D3 /* ViewController.swift */ = {isa = PBXFileReference; lastKnownFileType = sourcecode.swift; path = ViewController.swift; sourceTree = "<group>"; };
		69E00B301D90AD78006185D3 /* Assets.xcassets */ = {isa = PBXFileReference; lastKnownFileType = folder.assetcatalog; path = Assets.xcassets; sourceTree = "<group>"; };
		69E00B331D90AD78006185D3 /* Base */ = {isa = PBXFileReference; lastKnownFileType = file.storyboard; name = Base; path = Base.lproj/LaunchScreen.storyboard; sourceTree = "<group>"; };
		69E00B351D90AD78006185D3 /* Info.plist */ = {isa = PBXFileReference; lastKnownFileType = text.plist.xml; path = Info.plist; sourceTree = "<group>"; };
		69E00B411D90B4BD006185D3 /* SwiftyJson.swift */ = {isa = PBXFileReference; fileEncoding = 4; lastKnownFileType = sourcecode.swift; path = SwiftyJson.swift; sourceTree = "<group>"; };
		69E00B431D91EAEE006185D3 /* CustomTableViewCell.swift */ = {isa = PBXFileReference; fileEncoding = 4; lastKnownFileType = sourcecode.swift; path = CustomTableViewCell.swift; sourceTree = "<group>"; };
		69E00B471D932E80006185D3 /* SIMPLIFICA Typeface.ttf */ = {isa = PBXFileReference; lastKnownFileType = file; path = "SIMPLIFICA Typeface.ttf"; sourceTree = "<group>"; };
/* End PBXFileReference section */

/* Begin PBXFrameworksBuildPhase section */
		69E00B231D90AD78006185D3 /* Frameworks */ = {
			isa = PBXFrameworksBuildPhase;
			buildActionMask = 2147483647;
			files = (
			);
			runOnlyForDeploymentPostprocessing = 0;
		};
/* End PBXFrameworksBuildPhase section */

/* Begin PBXGroup section */
		69D2BFD21DAFDDC900226A34 /* SWRevealViewController */ = {
			isa = PBXGroup;
			children = (
				69D2BFCF1DAFDDC100226A34 /* SWRevealViewController.h */,
				69D2BFD01DAFDDC100226A34 /* SWRevealViewController.m */,
			);
			name = SWRevealViewController;
			sourceTree = "<group>";
		};
		69E00B1D1D90AD78006185D3 = {
			isa = PBXGroup;
			children = (
				69E00B411D90B4BD006185D3 /* SwiftyJson.swift */,
				69E00B281D90AD78006185D3 /* redditViewer */,
				69E00B271D90AD78006185D3 /* Products */,
			);
			sourceTree = "<group>";
		};
		69E00B271D90AD78006185D3 /* Products */ = {
			isa = PBXGroup;
			children = (
				69E00B261D90AD78006185D3 /* redditViewer.app */,
			);
			name = Products;
			sourceTree = "<group>";
		};
		69E00B281D90AD78006185D3 /* redditViewer */ = {
			isa = PBXGroup;
			children = (
				69E00B291D90AD78006185D3 /* AppDelegate.swift */,
				69E00B2B1D90AD78006185D3 /* ViewController.swift */,
				69E00B431D91EAEE006185D3 /* CustomTableViewCell.swift */,
				69BF04B91D9C6C5100CD2B6E /* SubredditTableViewController.swift */,
				69C5D89B1DA5E1D0005E26E3 /* WebViewController.swift */,
				69D2BFD21DAFDDC900226A34 /* SWRevealViewController */,
				69E00B301D90AD78006185D3 /* Assets.xcassets */,
				69E00B321D90AD78006185D3 /* LaunchScreen.storyboard */,
				6935F2081DA14CDC00C20143 /* Main.storyboard */,
				69E00B471D932E80006185D3 /* SIMPLIFICA Typeface.ttf */,
				69E00B351D90AD78006185D3 /* Info.plist */,
				69D2BFCE1DAFDDC000226A34 /* redditViewer-Bridging-Header.h */,
			);
			path = redditViewer;
			sourceTree = "<group>";
		};
/* End PBXGroup section */

/* Begin PBXNativeTarget section */
		69E00B251D90AD78006185D3 /* redditViewer */ = {
			isa = PBXNativeTarget;
			buildConfigurationList = 69E00B381D90AD78006185D3 /* Build configuration list for PBXNativeTarget "redditViewer" */;
			buildPhases = (
				69E00B221D90AD78006185D3 /* Sources */,
				69E00B231D90AD78006185D3 /* Frameworks */,
				69E00B241D90AD78006185D3 /* Resources */,
			);
			buildRules = (
			);
			dependencies = (
			);
			name = redditViewer;
			productName = redditViewer;
			productReference = 69E00B261D90AD78006185D3 /* redditViewer.app */;
			productType = "com.apple.product-type.application";
		};
/* End PBXNativeTarget section */

/* Begin PBXProject section */
		69E00B1E1D90AD78006185D3 /* Project object */ = {
			isa = PBXProject;
			attributes = {
				LastSwiftUpdateCheck = 0800;
				LastUpgradeCheck = 0800;
				ORGANIZATIONNAME = "Andy Woodard";
				TargetAttributes = {
					69E00B251D90AD78006185D3 = {
						CreatedOnToolsVersion = 8.0;
						DevelopmentTeam = U7GPSNM7MD;
						LastSwiftMigration = 0800;
						ProvisioningStyle = Automatic;
					};
				};
			};
			buildConfigurationList = 69E00B211D90AD78006185D3 /* Build configuration list for PBXProject "redditViewer" */;
			compatibilityVersion = "Xcode 3.2";
			developmentRegion = English;
			hasScannedForEncodings = 0;
			knownRegions = (
				en,
				Base,
			);
			mainGroup = 69E00B1D1D90AD78006185D3;
			productRefGroup = 69E00B271D90AD78006185D3 /* Products */;
			projectDirPath = "";
			projectRoot = "";
			targets = (
				69E00B251D90AD78006185D3 /* redditViewer */,
			);
		};
/* End PBXProject section */

/* Begin PBXResourcesBuildPhase section */
		69E00B241D90AD78006185D3 /* Resources */ = {
			isa = PBXResourcesBuildPhase;
			buildActionMask = 2147483647;
			files = (
				69E00B341D90AD78006185D3 /* LaunchScreen.storyboard in Resources */,
				69E00B481D932E81006185D3 /* SIMPLIFICA Typeface.ttf in Resources */,
				6935F2091DA14CDC00C20143 /* Main.storyboard in Resources */,
				69E00B311D90AD78006185D3 /* Assets.xcassets in Resources */,
			);
			runOnlyForDeploymentPostprocessing = 0;
		};
/* End PBXResourcesBuildPhase section */

/* Begin PBXSourcesBuildPhase section */
		69E00B221D90AD78006185D3 /* Sources */ = {
			isa = PBXSourcesBuildPhase;
			buildActionMask = 2147483647;
			files = (
				69D2BFD11DAFDDC100226A34 /* SWRevealViewController.m in Sources */,
				69E00B2C1D90AD78006185D3 /* ViewController.swift in Sources */,
				69C5D89C1DA5E1D0005E26E3 /* WebViewController.swift in Sources */,
				69E00B2A1D90AD78006185D3 /* AppDelegate.swift in Sources */,
				69E00B441D91EAEF006185D3 /* CustomTableViewCell.swift in Sources */,
				69E00B421D90B4BD006185D3 /* SwiftyJson.swift in Sources */,
				69BF04BA1D9C6C5100CD2B6E /* SubredditTableViewController.swift in Sources */,
			);
			runOnlyForDeploymentPostprocessing = 0;
		};
/* End PBXSourcesBuildPhase section */

/* Begin PBXVariantGroup section */
		69E00B321D90AD78006185D3 /* LaunchScreen.storyboard */ = {
			isa = PBXVariantGroup;
			children = (
				69E00B331D90AD78006185D3 /* Base */,
			);
			name = LaunchScreen.storyboard;
			sourceTree = "<group>";
		};
/* End PBXVariantGroup section */

/* Begin XCBuildConfiguration section */
		69E00B361D90AD78006185D3 /* Debug */ = {
			isa = XCBuildConfiguration;
			buildSettings = {
				ALWAYS_SEARCH_USER_PATHS = NO;
				CLANG_ANALYZER_NONNULL = YES;
				CLANG_CXX_LANGUAGE_STANDARD = "gnu++0x";
				CLANG_CXX_LIBRARY = "libc++";
				CLANG_ENABLE_MODULES = YES;
				CLANG_ENABLE_OBJC_ARC = YES;
				CLANG_WARN_BOOL_CONVERSION = YES;
				CLANG_WARN_CONSTANT_CONVERSION = YES;
				CLANG_WARN_DIRECT_OBJC_ISA_USAGE = YES_ERROR;
				CLANG_WARN_DOCUMENTATION_COMMENTS = YES;
				CLANG_WARN_EMPTY_BODY = YES;
				CLANG_WARN_ENUM_CONVERSION = YES;
				CLANG_WARN_INFINITE_RECURSION = YES;
				CLANG_WARN_INT_CONVERSION = YES;
				CLANG_WARN_OBJC_ROOT_CLASS = YES_ERROR;
				CLANG_WARN_SUSPICIOUS_MOVES = YES;
				CLANG_WARN_UNREACHABLE_CODE = YES;
				CLANG_WARN__DUPLICATE_METHOD_MATCH = YES;
				"CODE_SIGN_IDENTITY[sdk=iphoneos*]" = "iPhone Developer";
				COPY_PHASE_STRIP = NO;
				DEBUG_INFORMATION_FORMAT = dwarf;
				ENABLE_STRICT_OBJC_MSGSEND = YES;
				ENABLE_TESTABILITY = YES;
				GCC_C_LANGUAGE_STANDARD = gnu99;
				GCC_DYNAMIC_NO_PIC = NO;
				GCC_NO_COMMON_BLOCKS = YES;
				GCC_OPTIMIZATION_LEVEL = 0;
				GCC_PREPROCESSOR_DEFINITIONS = (
					"DEBUG=1",
					"$(inherited)",
				);
				GCC_WARN_64_TO_32_BIT_CONVERSION = YES;
				GCC_WARN_ABOUT_RETURN_TYPE = YES_ERROR;
				GCC_WARN_UNDECLARED_SELECTOR = YES;
				GCC_WARN_UNINITIALIZED_AUTOS = YES_AGGRESSIVE;
				GCC_WARN_UNUSED_FUNCTION = YES;
				GCC_WARN_UNUSED_VARIABLE = YES;
				IPHONEOS_DEPLOYMENT_TARGET = 10.0;
				MTL_ENABLE_DEBUG_INFO = YES;
				ONLY_ACTIVE_ARCH = YES;
				SDKROOT = iphoneos;
				SWIFT_ACTIVE_COMPILATION_CONDITIONS = DEBUG;
				SWIFT_OPTIMIZATION_LEVEL = "-Onone";
			};
			name = Debug;
		};
		69E00B371D90AD78006185D3 /* Release */ = {
			isa = XCBuildConfiguration;
			buildSettings = {
				ALWAYS_SEARCH_USER_PATHS = NO;
				CLANG_ANALYZER_NONNULL = YES;
				CLANG_CXX_LANGUAGE_STANDARD = "gnu++0x";
				CLANG_CXX_LIBRARY = "libc++";
				CLANG_ENABLE_MODULES = YES;
				CLANG_ENABLE_OBJC_ARC = YES;
				CLANG_WARN_BOOL_CONVERSION = YES;
				CLANG_WARN_CONSTANT_CONVERSION = YES;
				CLANG_WARN_DIRECT_OBJC_ISA_USAGE = YES_ERROR;
				CLANG_WARN_DOCUMENTATION_COMMENTS = YES;
				CLANG_WARN_EMPTY_BODY = YES;
				CLANG_WARN_ENUM_CONVERSION = YES;
				CLANG_WARN_INFINITE_RECURSION = YES;
				CLANG_WARN_INT_CONVERSION = YES;
				CLANG_WARN_OBJC_ROOT_CLASS = YES_ERROR;
				CLANG_WARN_SUSPICIOUS_MOVES = YES;
				CLANG_WARN_UNREACHABLE_CODE = YES;
				CLANG_WARN__DUPLICATE_METHOD_MATCH = YES;
				"CODE_SIGN_IDENTITY[sdk=iphoneos*]" = "iPhone Developer";
				COPY_PHASE_STRIP = NO;
				DEBUG_INFORMATION_FORMAT = "dwarf-with-dsym";
				ENABLE_NS_ASSERTIONS = NO;
				ENABLE_STRICT_OBJC_MSGSEND = YES;
				GCC_C_LANGUAGE_STANDARD = gnu99;
				GCC_NO_COMMON_BLOCKS = YES;
				GCC_WARN_64_TO_32_BIT_CONVERSION = YES;
				GCC_WARN_ABOUT_RETURN_TYPE = YES_ERROR;
				GCC_WARN_UNDECLARED_SELECTOR = YES;
				GCC_WARN_UNINITIALIZED_AUTOS = YES_AGGRESSIVE;
				GCC_WARN_UNUSED_FUNCTION = YES;
				GCC_WARN_UNUSED_VARIABLE = YES;
				IPHONEOS_DEPLOYMENT_TARGET = 10.0;
				MTL_ENABLE_DEBUG_INFO = NO;
				SDKROOT = iphoneos;
				SWIFT_OPTIMIZATION_LEVEL = "-Owholemodule";
				VALIDATE_PRODUCT = YES;
			};
			name = Release;
		};
		69E00B391D90AD78006185D3 /* Debug */ = {
			isa = XCBuildConfiguration;
			buildSettings = {
				ASSETCATALOG_COMPILER_APPICON_NAME = AppIcon;
				CLANG_ENABLE_MODULES = YES;
				DEVELOPMENT_TEAM = U7GPSNM7MD;
				INFOPLIST_FILE = redditViewer/Info.plist;
				IPHONEOS_DEPLOYMENT_TARGET = 9.2;
				LD_RUNPATH_SEARCH_PATHS = "$(inherited) @executable_path/Frameworks";
				PRODUCT_BUNDLE_IDENTIFIER = Com.Woodard.redditViewer;
				PRODUCT_NAME = "$(TARGET_NAME)";
				SWIFT_OBJC_BRIDGING_HEADER = "redditViewer/redditViewer-Bridging-Header.h";
				SWIFT_OPTIMIZATION_LEVEL = "-Onone";
				SWIFT_VERSION = 2.3;
			};
			name = Debug;
		};
		69E00B3A1D90AD78006185D3 /* Release */ = {
			isa = XCBuildConfiguration;
			buildSettings = {
				ASSETCATALOG_COMPILER_APPICON_NAME = AppIcon;
				CLANG_ENABLE_MODULES = YES;
				DEVELOPMENT_TEAM = U7GPSNM7MD;
				INFOPLIST_FILE = redditViewer/Info.plist;
				IPHONEOS_DEPLOYMENT_TARGET = 9.2;
				LD_RUNPATH_SEARCH_PATHS = "$(inherited) @executable_path/Frameworks";
				PRODUCT_BUNDLE_IDENTIFIER = Com.Woodard.redditViewer;
				PRODUCT_NAME = "$(TARGET_NAME)";
				SWIFT_OBJC_BRIDGING_HEADER = "redditViewer/redditViewer-Bridging-Header.h";
				SWIFT_VERSION = 2.3;
			};
			name = Release;
		};
/* End XCBuildConfiguration section */

/* Begin XCConfigurationList section */
		69E00B211D90AD78006185D3 /* Build configuration list for PBXProject "redditViewer" */ = {
			isa = XCConfigurationList;
			buildConfigurations = (
				69E00B361D90AD78006185D3 /* Debug */,
				69E00B371D90AD78006185D3 /* Release */,
			);
			defaultConfigurationIsVisible = 0;
			defaultConfigurationName = Release;
		};
		69E00B381D90AD78006185D3 /* Build configuration list for PBXNativeTarget "redditViewer" */ = {
			isa = XCConfigurationList;
			buildConfigurations = (
				69E00B391D90AD78006185D3 /* Debug */,
				69E00B3A1D90AD78006185D3 /* Release */,
			);
			defaultConfigurationIsVisible = 0;
			defaultConfigurationName = Release;
		};
/* End XCConfigurationList section */
	};
	rootObject = 69E00B1E1D90AD78006185D3 /* Project object */;
}
